
Microsoft Visual Studio Solution File, Format Version 12.00
# Visual Studio 15
VisualStudioVersion = 15.0.27703.2035
MinimumVisualStudioVersion = 10.0.40219.1
Project("{9A19103F-16F7-4668-BE54-9A1E7A4F7556}") = "Tui.WebApplication", "Tui.WebApplication\Tui.WebApplication.csproj", "{B279C96A-98BB-4B4A-9129-CDC225E8937C}"
EndProject
Project("{2150E333-8FDC-42A3-9474-1A3956D46DE8}") = "Frameworks", "Frameworks", "{75415CB6-AE70-4355-A1C5-3011640A1D82}"
EndProject
Project("{2150E333-8FDC-42A3-9474-1A3956D46DE8}") = "Services", "Services", "{32847888-19A1-420F-BD67-CB78373257F2}"
EndProject
Project("{2150E333-8FDC-42A3-9474-1A3956D46DE8}") = "Flight", "Flight", "{F76A7CE5-65B3-4EFE-9623-BCDFBCA30C5C}"
EndProject
Project("{9A19103F-16F7-4668-BE54-9A1E7A4F7556}") = "Flight.Domain", "Flight.Domain\Flight.Domain.csproj", "{EB3908B0-E596-4A90-9CC3-52214EB5897A}"
EndProject
Project("{9A19103F-16F7-4668-BE54-9A1E7A4F7556}") = "Flight.Api", "Flight.Api\Flight.Api.csproj", "{1664230F-4211-4A5E-884A-7481EEA9FF57}"
EndProject
Project("{9A19103F-16F7-4668-BE54-9A1E7A4F7556}") = "Flight.Infrastructure", "Flight.Infrastructure\Flight.Infrastructure.csproj", "{DB7E8033-5340-4D3A-B8A8-086CC8E5B53A}"
EndProject
Project("{2150E333-8FDC-42A3-9474-1A3956D46DE8}") = "Applications", "Applications", "{3FE702E7-B803-481D-BC66-4859CB2F4B84}"
EndProject
Project("{9A19103F-16F7-4668-BE54-9A1E7A4F7556}") = "BusinessLogic", "Frameworks.BusinessLogic\BusinessLogic.csproj", "{45029069-F2C8-4388-82C5-3E534B7D6CC5}"
EndProject
Project("{9A19103F-16F7-4668-BE54-9A1E7A4F7556}") = "Tui.WebApplication.FlightClient", "Tui.WebApplication.FlightClient\Tui.WebApplication.FlightClient.csproj", "{6AAA2BF3-7952-43D5-AF36-DA2E0C555F05}"
EndProject
Project("{FAE04EC0-301F-11D3-BF4B-00C04F79EFBC}") = "Flight.Domain.Tests", "Flight.Domain.Tests\Flight.Domain.Tests.csproj", "{AD657179-9DDE-47F1-BD91-2F1BBE24BB52}"
EndProject
Project("{FAE04EC0-301F-11D3-BF4B-00C04F79EFBC}") = "Tui.WebApplication.Tests", "Tui.WebApplication.Tests\Tui.WebApplication.Tests.csproj", "{F67E5564-3BCA-4611-BF36-38F3E4428461}"
EndProject
Project("{2150E333-8FDC-42A3-9474-1A3956D46DE8}") = "Tests", "Tests", "{57834C05-B2F7-4733-B26E-CBBED480EFD6}"
EndProject
Project("{2150E333-8FDC-42A3-9474-1A3956D46DE8}") = "Tests", "Tests", "{285DDD0B-0EFA-49E1-8067-5C0EBA1A5690}"
EndProject
Project("{FAE04EC0-301F-11D3-BF4B-00C04F79EFBC}") = "Flight.Api.Tests", "Flight.Api.Tests\Flight.Api.Tests.csproj", "{3F630D89-8E9A-4249-9C18-9F056E1B1B2C}"
EndProject
Global
	GlobalSection(SolutionConfigurationPlatforms) = preSolution
		Debug|Any CPU = Debug|Any CPU
		Release|Any CPU = Release|Any CPU
	EndGlobalSection
	GlobalSection(ProjectConfigurationPlatforms) = postSolution
		{B279C96A-98BB-4B4A-9129-CDC225E8937C}.Debug|Any CPU.ActiveCfg = Debug|Any CPU
		{B279C96A-98BB-4B4A-9129-CDC225E8937C}.Debug|Any CPU.Build.0 = Debug|Any CPU
		{B279C96A-98BB-4B4A-9129-CDC225E8937C}.Release|Any CPU.ActiveCfg = Release|Any CPU
		{B279C96A-98BB-4B4A-9129-CDC225E8937C}.Release|Any CPU.Build.0 = Release|Any CPU
		{EB3908B0-E596-4A90-9CC3-52214EB5897A}.Debug|Any CPU.ActiveCfg = Debug|Any CPU
		{EB3908B0-E596-4A90-9CC3-52214EB5897A}.Debug|Any CPU.Build.0 = Debug|Any CPU
		{EB3908B0-E596-4A90-9CC3-52214EB5897A}.Release|Any CPU.ActiveCfg = Release|Any CPU
		{EB3908B0-E596-4A90-9CC3-52214EB5897A}.Release|Any CPU.Build.0 = Release|Any CPU
		{1664230F-4211-4A5E-884A-7481EEA9FF57}.Debug|Any CPU.ActiveCfg = Debug|Any CPU
		{1664230F-4211-4A5E-884A-7481EEA9FF57}.Debug|Any CPU.Build.0 = Debug|Any CPU
		{1664230F-4211-4A5E-884A-7481EEA9FF57}.Release|Any CPU.ActiveCfg = Release|Any CPU
		{1664230F-4211-4A5E-884A-7481EEA9FF57}.Release|Any CPU.Build.0 = Release|Any CPU
		{DB7E8033-5340-4D3A-B8A8-086CC8E5B53A}.Debug|Any CPU.ActiveCfg = Debug|Any CPU
		{DB7E8033-5340-4D3A-B8A8-086CC8E5B53A}.Debug|Any CPU.Build.0 = Debug|Any CPU
		{DB7E8033-5340-4D3A-B8A8-086CC8E5B53A}.Release|Any CPU.ActiveCfg = Release|Any CPU
		{DB7E8033-5340-4D3A-B8A8-086CC8E5B53A}.Release|Any CPU.Build.0 = Release|Any CPU
		{45029069-F2C8-4388-82C5-3E534B7D6CC5}.Debug|Any CPU.ActiveCfg = Debug|Any CPU
		{45029069-F2C8-4388-82C5-3E534B7D6CC5}.Debug|Any CPU.Build.0 = Debug|Any CPU
		{45029069-F2C8-4388-82C5-3E534B7D6CC5}.Release|Any CPU.ActiveCfg = Release|Any CPU
		{45029069-F2C8-4388-82C5-3E534B7D6CC5}.Release|Any CPU.Build.0 = Release|Any CPU
		{6AAA2BF3-7952-43D5-AF36-DA2E0C555F05}.Debug|Any CPU.ActiveCfg = Debug|Any CPU
		{6AAA2BF3-7952-43D5-AF36-DA2E0C555F05}.Debug|Any CPU.Build.0 = Debug|Any CPU
		{6AAA2BF3-7952-43D5-AF36-DA2E0C555F05}.Release|Any CPU.ActiveCfg = Release|Any CPU
		{6AAA2BF3-7952-43D5-AF36-DA2E0C555F05}.Release|Any CPU.Build.0 = Release|Any CPU
		{AD657179-9DDE-47F1-BD91-2F1BBE24BB52}.Debug|Any CPU.ActiveCfg = Debug|Any CPU
		{AD657179-9DDE-47F1-BD91-2F1BBE24BB52}.Debug|Any CPU.Build.0 = Debug|Any CPU
		{AD657179-9DDE-47F1-BD91-2F1BBE24BB52}.Release|Any CPU.ActiveCfg = Release|Any CPU
		{AD657179-9DDE-47F1-BD91-2F1BBE24BB52}.Release|Any CPU.Build.0 = Release|Any CPU
		{F67E5564-3BCA-4611-BF36-38F3E4428461}.Debug|Any CPU.ActiveCfg = Debug|Any CPU
		{F67E5564-3BCA-4611-BF36-38F3E4428461}.Debug|Any CPU.Build.0 = Debug|Any CPU
		{F67E5564-3BCA-4611-BF36-38F3E4428461}.Release|Any CPU.ActiveCfg = Release|Any CPU
		{F67E5564-3BCA-4611-BF36-38F3E4428461}.Release|Any CPU.Build.0 = Release|Any CPU
		{3F630D89-8E9A-4249-9C18-9F056E1B1B2C}.Debug|Any CPU.ActiveCfg = Debug|Any CPU
		{3F630D89-8E9A-4249-9C18-9F056E1B1B2C}.Debug|Any CPU.Build.0 = Debug|Any CPU
		{3F630D89-8E9A-4249-9C18-9F056E1B1B2C}.Release|Any CPU.ActiveCfg = Release|Any CPU
		{3F630D89-8E9A-4249-9C18-9F056E1B1B2C}.Release|Any CPU.Build.0 = Release|Any CPU
	EndGlobalSection
	GlobalSection(SolutionProperties) = preSolution
		HideSolutionNode = FALSE
	EndGlobalSection
	GlobalSection(NestedProjects) = preSolution
		{B279C96A-98BB-4B4A-9129-CDC225E8937C} = {3FE702E7-B803-481D-BC66-4859CB2F4B84}
		{F76A7CE5-65B3-4EFE-9623-BCDFBCA30C5C} = {32847888-19A1-420F-BD67-CB78373257F2}
		{EB3908B0-E596-4A90-9CC3-52214EB5897A} = {F76A7CE5-65B3-4EFE-9623-BCDFBCA30C5C}
		{1664230F-4211-4A5E-884A-7481EEA9FF57} = {F76A7CE5-65B3-4EFE-9623-BCDFBCA30C5C}
		{DB7E8033-5340-4D3A-B8A8-086CC8E5B53A} = {F76A7CE5-65B3-4EFE-9623-BCDFBCA30C5C}
		{45029069-F2C8-4388-82C5-3E534B7D6CC5} = {75415CB6-AE70-4355-A1C5-3011640A1D82}
		{6AAA2BF3-7952-43D5-AF36-DA2E0C555F05} = {3FE702E7-B803-481D-BC66-4859CB2F4B84}
		{AD657179-9DDE-47F1-BD91-2F1BBE24BB52} = {285DDD0B-0EFA-49E1-8067-5C0EBA1A5690}
		{F67E5564-3BCA-4611-BF36-38F3E4428461} = {57834C05-B2F7-4733-B26E-CBBED480EFD6}
		{57834C05-B2F7-4733-B26E-CBBED480EFD6} = {3FE702E7-B803-481D-BC66-4859CB2F4B84}
		{285DDD0B-0EFA-49E1-8067-5C0EBA1A5690} = {F76A7CE5-65B3-4EFE-9623-BCDFBCA30C5C}
		{3F630D89-8E9A-4249-9C18-9F056E1B1B2C} = {285DDD0B-0EFA-49E1-8067-5C0EBA1A5690}
	EndGlobalSection
	GlobalSection(ExtensibilityGlobals) = postSolution
		SolutionGuid = {D0D887C7-0C3C-4096-807D-E9BC6DE1A31E}
	EndGlobalSection
EndGlobal
